
Microsoft Visual Studio Solution File, Format Version 12.00
# Visual Studio Version 17
VisualStudioVersion = 17.0.31903.59
MinimumVisualStudioVersion = 10.0.40219.1
Project("{2150E333-8FDC-42A3-9474-1A3956D46DE8}") = "Practical_Work_I", "Practical_Work_I", "{3AE36694-508E-4FCA-A2C3-41D162F8282E}"
EndProject
Project("{FAE04EC0-301F-11D3-BF4B-00C04F79EFBC}") = "ConsoleApp1", "ConsoleApp1\ConsoleApp1.csproj", "{368C7777-AF3E-4A59-964F-D2B2D31A5926}"
EndProject
Global
	GlobalSection(SolutionConfigurationPlatforms) = preSolution
		Debug|Any CPU = Debug|Any CPU
		Release|Any CPU = Release|Any CPU
	EndGlobalSection
	GlobalSection(SolutionProperties) = preSolution
		HideSolutionNode = FALSE
	EndGlobalSection
	GlobalSection(ProjectConfigurationPlatforms) = postSolution
		{368C7777-AF3E-4A59-964F-D2B2D31A5926}.Debug|Any CPU.ActiveCfg = Debug|Any CPU
		{368C7777-AF3E-4A59-964F-D2B2D31A5926}.Debug|Any CPU.Build.0 = Debug|Any CPU
		{368C7777-AF3E-4A59-964F-D2B2D31A5926}.Release|Any CPU.ActiveCfg = Release|Any CPU
		{368C7777-AF3E-4A59-964F-D2B2D31A5926}.Release|Any CPU.Build.0 = Release|Any CPU
	EndGlobalSection
	GlobalSection(NestedProjects) = preSolution
		{368C7777-AF3E-4A59-964F-D2B2D31A5926} = {3AE36694-508E-4FCA-A2C3-41D162F8282E}
	EndGlobalSection
EndGlobal
